
Microsoft Visual Studio Solution File, Format Version 12.00
# Visual Studio Version 17
VisualStudioVersion = 17.11.35222.181
MinimumVisualStudioVersion = 10.0.40219.1
Project("{FAE04EC0-301F-11D3-BF4B-00C04F79EFBC}") = "TFDJ", "TFDJ.csproj", "{AABC08AA-924D-486E-849A-80B0A474BCB1}"
EndProject
Global
	GlobalSection(SolutionConfigurationPlatforms) = preSolution
		Debug|Any CPU = Debug|Any CPU
		Release|Any CPU = Release|Any CPU
	EndGlobalSection
	GlobalSection(ProjectConfigurationPlatforms) = postSolution
		{AABC08AA-924D-486E-849A-80B0A474BCB1}.Debug|Any CPU.ActiveCfg = Debug|Any CPU
		{AABC08AA-924D-486E-849A-80B0A474BCB1}.Debug|Any CPU.Build.0 = Debug|Any CPU
		{AABC08AA-924D-486E-849A-80B0A474BCB1}.Release|Any CPU.ActiveCfg = Release|Any CPU
		{AABC08AA-924D-486E-849A-80B0A474BCB1}.Release|Any CPU.Build.0 = Release|Any CPU
	EndGlobalSection
	GlobalSection(SolutionProperties) = preSolution
		HideSolutionNode = FALSE
	EndGlobalSection
	GlobalSection(ExtensibilityGlobals) = postSolution
		SolutionGuid = {FF8FBBC9-7043-4F05-BBEC-6C004C680DA5}
	EndGlobalSection
EndGlobal
